// !$*UTF8*$!
{
	archiveVersion = 1;
	classes = {
	};
	objectVersion = 56;
	objects = {

/* Begin PBXBuildFile section */
		C335A3562AF38B4400344977 /* DemoPlayerApp.swift in Sources */ = {isa = PBXBuildFile; fileRef = C335A3552AF38B4400344977 /* DemoPlayerApp.swift */; };
		C335A3582AF38B4400344977 /* ContentView.swift in Sources */ = {isa = PBXBuildFile; fileRef = C335A3572AF38B4400344977 /* ContentView.swift */; };
		C335A35C2AF38B4500344977 /* Assets.xcassets in Resources */ = {isa = PBXBuildFile; fileRef = C335A35B2AF38B4500344977 /* Assets.xcassets */; };
		C335A35F2AF38B4500344977 /* Preview Assets.xcassets in Resources */ = {isa = PBXBuildFile; fileRef = C335A35E2AF38B4500344977 /* Preview Assets.xcassets */; };
		C335A3692AF38B4500344977 /* DemoPlayerTests.swift in Sources */ = {isa = PBXBuildFile; fileRef = C335A3682AF38B4500344977 /* DemoPlayerTests.swift */; };
		C335A3732AF38B4500344977 /* DemoPlayerUITests.swift in Sources */ = {isa = PBXBuildFile; fileRef = C335A3722AF38B4500344977 /* DemoPlayerUITests.swift */; };
		C335A3752AF38B4500344977 /* DemoPlayerUITestsLaunchTests.swift in Sources */ = {isa = PBXBuildFile; fileRef = C335A3742AF38B4500344977 /* DemoPlayerUITestsLaunchTests.swift */; };
		C335A3822AF38BE900344977 /* WebService.swift in Sources */ = {isa = PBXBuildFile; fileRef = C335A3812AF38BE900344977 /* WebService.swift */; };
		C335A3842AF38D0C00344977 /* VideoListModel.swift in Sources */ = {isa = PBXBuildFile; fileRef = C335A3832AF38D0C00344977 /* VideoListModel.swift */; };
		C335A3862AF39E5000344977 /* URLImage.swift in Sources */ = {isa = PBXBuildFile; fileRef = C335A3852AF39E5000344977 /* URLImage.swift */; };
		C335A3882AF3A1AE00344977 /* ThumbnailImageLoader.swift in Sources */ = {isa = PBXBuildFile; fileRef = C335A3872AF3A1AE00344977 /* ThumbnailImageLoader.swift */; };
/* End PBXBuildFile section */

/* Begin PBXContainerItemProxy section */
		C335A3652AF38B4500344977 /* PBXContainerItemProxy */ = {
			isa = PBXContainerItemProxy;
			containerPortal = C335A34A2AF38B4400344977 /* Project object */;
			proxyType = 1;
			remoteGlobalIDString = C335A3512AF38B4400344977;
			remoteInfo = DemoPlayer;
		};
		C335A36F2AF38B4500344977 /* PBXContainerItemProxy */ = {
			isa = PBXContainerItemProxy;
			containerPortal = C335A34A2AF38B4400344977 /* Project object */;
			proxyType = 1;
			remoteGlobalIDString = C335A3512AF38B4400344977;
			remoteInfo = DemoPlayer;
		};
/* End PBXContainerItemProxy section */

/* Begin PBXFileReference section */
		C335A3522AF38B4400344977 /* DemoPlayer.app */ = {isa = PBXFileReference; explicitFileType = wrapper.application; includeInIndex = 0; path = DemoPlayer.app; sourceTree = BUILT_PRODUCTS_DIR; };
		C335A3552AF38B4400344977 /* DemoPlayerApp.swift */ = {isa = PBXFileReference; lastKnownFileType = sourcecode.swift; path = DemoPlayerApp.swift; sourceTree = "<group>"; };
		C335A3572AF38B4400344977 /* ContentView.swift */ = {isa = PBXFileReference; lastKnownFileType = sourcecode.swift; path = ContentView.swift; sourceTree = "<group>"; };
		C335A35B2AF38B4500344977 /* Assets.xcassets */ = {isa = PBXFileReference; lastKnownFileType = folder.assetcatalog; path = Assets.xcassets; sourceTree = "<group>"; };
		C335A35E2AF38B4500344977 /* Preview Assets.xcassets */ = {isa = PBXFileReference; lastKnownFileType = folder.assetcatalog; path = "Preview Assets.xcassets"; sourceTree = "<group>"; };
		C335A3642AF38B4500344977 /* DemoPlayerTests.xctest */ = {isa = PBXFileReference; explicitFileType = wrapper.cfbundle; includeInIndex = 0; path = DemoPlayerTests.xctest; sourceTree = BUILT_PRODUCTS_DIR; };
		C335A3682AF38B4500344977 /* DemoPlayerTests.swift */ = {isa = PBXFileReference; lastKnownFileType = sourcecode.swift; path = DemoPlayerTests.swift; sourceTree = "<group>"; };
		C335A36E2AF38B4500344977 /* DemoPlayerUITests.xctest */ = {isa = PBXFileReference; explicitFileType = wrapper.cfbundle; includeInIndex = 0; path = DemoPlayerUITests.xctest; sourceTree = BUILT_PRODUCTS_DIR; };
		C335A3722AF38B4500344977 /* DemoPlayerUITests.swift */ = {isa = PBXFileReference; lastKnownFileType = sourcecode.swift; path = DemoPlayerUITests.swift; sourceTree = "<group>"; };
		C335A3742AF38B4500344977 /* DemoPlayerUITestsLaunchTests.swift */ = {isa = PBXFileReference; lastKnownFileType = sourcecode.swift; path = DemoPlayerUITestsLaunchTests.swift; sourceTree = "<group>"; };
		C335A3812AF38BE900344977 /* WebService.swift */ = {isa = PBXFileReference; lastKnownFileType = sourcecode.swift; path = WebService.swift; sourceTree = "<group>"; };
		C335A3832AF38D0C00344977 /* VideoListModel.swift */ = {isa = PBXFileReference; lastKnownFileType = sourcecode.swift; path = VideoListModel.swift; sourceTree = "<group>"; };
		C335A3852AF39E5000344977 /* URLImage.swift */ = {isa = PBXFileReference; lastKnownFileType = sourcecode.swift; path = URLImage.swift; sourceTree = "<group>"; };
		C335A3872AF3A1AE00344977 /* ThumbnailImageLoader.swift */ = {isa = PBXFileReference; lastKnownFileType = sourcecode.swift; path = ThumbnailImageLoader.swift; sourceTree = "<group>"; };
/* End PBXFileReference section */

/* Begin PBXFrameworksBuildPhase section */
		C335A34F2AF38B4400344977 /* Frameworks */ = {
			isa = PBXFrameworksBuildPhase;
			buildActionMask = 2147483647;
			files = (
			);
			runOnlyForDeploymentPostprocessing = 0;
		};
		C335A3612AF38B4500344977 /* Frameworks */ = {
			isa = PBXFrameworksBuildPhase;
			buildActionMask = 2147483647;
			files = (
			);
			runOnlyForDeploymentPostprocessing = 0;
		};
		C335A36B2AF38B4500344977 /* Frameworks */ = {
			isa = PBXFrameworksBuildPhase;
			buildActionMask = 2147483647;
			files = (
			);
			runOnlyForDeploymentPostprocessing = 0;
		};
/* End PBXFrameworksBuildPhase section */

/* Begin PBXGroup section */
		C335A3492AF38B4400344977 = {
			isa = PBXGroup;
			children = (
				C335A3872AF3A1AE00344977 /* ThumbnailImageLoader.swift */,
				C335A3542AF38B4400344977 /* DemoPlayer */,
				C335A3672AF38B4500344977 /* DemoPlayerTests */,
				C335A3712AF38B4500344977 /* DemoPlayerUITests */,
				C335A3532AF38B4400344977 /* Products */,
			);
			sourceTree = "<group>";
		};
		C335A3532AF38B4400344977 /* Products */ = {
			isa = PBXGroup;
			children = (
				C335A3522AF38B4400344977 /* DemoPlayer.app */,
				C335A3642AF38B4500344977 /* DemoPlayerTests.xctest */,
				C335A36E2AF38B4500344977 /* DemoPlayerUITests.xctest */,
			);
			name = Products;
			sourceTree = "<group>";
		};
		C335A3542AF38B4400344977 /* DemoPlayer */ = {
			isa = PBXGroup;
			children = (
				C335A3552AF38B4400344977 /* DemoPlayerApp.swift */,
				C335A3572AF38B4400344977 /* ContentView.swift */,
				C335A35B2AF38B4500344977 /* Assets.xcassets */,
				C335A35D2AF38B4500344977 /* Preview Content */,
				C335A3812AF38BE900344977 /* WebService.swift */,
				C335A3832AF38D0C00344977 /* VideoListModel.swift */,
				C335A3852AF39E5000344977 /* URLImage.swift */,
			);
			path = DemoPlayer;
			sourceTree = "<group>";
		};
		C335A35D2AF38B4500344977 /* Preview Content */ = {
			isa = PBXGroup;
			children = (
				C335A35E2AF38B4500344977 /* Preview Assets.xcassets */,
			);
			path = "Preview Content";
			sourceTree = "<group>";
		};
		C335A3672AF38B4500344977 /* DemoPlayerTests */ = {
			isa = PBXGroup;
			children = (
				C335A3682AF38B4500344977 /* DemoPlayerTests.swift */,
			);
			path = DemoPlayerTests;
			sourceTree = "<group>";
		};
		C335A3712AF38B4500344977 /* DemoPlayerUITests */ = {
			isa = PBXGroup;
			children = (
				C335A3722AF38B4500344977 /* DemoPlayerUITests.swift */,
				C335A3742AF38B4500344977 /* DemoPlayerUITestsLaunchTests.swift */,
			);
			path = DemoPlayerUITests;
			sourceTree = "<group>";
		};
/* End PBXGroup section */

/* Begin PBXNativeTarget section */
		C335A3512AF38B4400344977 /* DemoPlayer */ = {
			isa = PBXNativeTarget;
			buildConfigurationList = C335A3782AF38B4500344977 /* Build configuration list for PBXNativeTarget "DemoPlayer" */;
			buildPhases = (
				C335A34E2AF38B4400344977 /* Sources */,
				C335A34F2AF38B4400344977 /* Frameworks */,
				C335A3502AF38B4400344977 /* Resources */,
			);
			buildRules = (
			);
			dependencies = (
			);
			name = DemoPlayer;
			productName = DemoPlayer;
			productReference = C335A3522AF38B4400344977 /* DemoPlayer.app */;
			productType = "com.apple.product-type.application";
		};
		C335A3632AF38B4500344977 /* DemoPlayerTests */ = {
			isa = PBXNativeTarget;
			buildConfigurationList = C335A37B2AF38B4500344977 /* Build configuration list for PBXNativeTarget "DemoPlayerTests" */;
			buildPhases = (
				C335A3602AF38B4500344977 /* Sources */,
				C335A3612AF38B4500344977 /* Frameworks */,
				C335A3622AF38B4500344977 /* Resources */,
			);
			buildRules = (
			);
			dependencies = (
				C335A3662AF38B4500344977 /* PBXTargetDependency */,
			);
			name = DemoPlayerTests;
			productName = DemoPlayerTests;
			productReference = C335A3642AF38B4500344977 /* DemoPlayerTests.xctest */;
			productType = "com.apple.product-type.bundle.unit-test";
		};
		C335A36D2AF38B4500344977 /* DemoPlayerUITests */ = {
			isa = PBXNativeTarget;
			buildConfigurationList = C335A37E2AF38B4500344977 /* Build configuration list for PBXNativeTarget "DemoPlayerUITests" */;
			buildPhases = (
				C335A36A2AF38B4500344977 /* Sources */,
				C335A36B2AF38B4500344977 /* Frameworks */,
				C335A36C2AF38B4500344977 /* Resources */,
			);
			buildRules = (
			);
			dependencies = (
				C335A3702AF38B4500344977 /* PBXTargetDependency */,
			);
			name = DemoPlayerUITests;
			productName = DemoPlayerUITests;
			productReference = C335A36E2AF38B4500344977 /* DemoPlayerUITests.xctest */;
			productType = "com.apple.product-type.bundle.ui-testing";
		};
/* End PBXNativeTarget section */

/* Begin PBXProject section */
		C335A34A2AF38B4400344977 /* Project object */ = {
			isa = PBXProject;
			attributes = {
				BuildIndependentTargetsInParallel = 1;
				LastSwiftUpdateCheck = 1500;
				LastUpgradeCheck = 1500;
				TargetAttributes = {
					C335A3512AF38B4400344977 = {
						CreatedOnToolsVersion = 15.0.1;
					};
					C335A3632AF38B4500344977 = {
						CreatedOnToolsVersion = 15.0.1;
						TestTargetID = C335A3512AF38B4400344977;
					};
					C335A36D2AF38B4500344977 = {
						CreatedOnToolsVersion = 15.0.1;
						TestTargetID = C335A3512AF38B4400344977;
					};
				};
			};
			buildConfigurationList = C335A34D2AF38B4400344977 /* Build configuration list for PBXProject "DemoPlayer" */;
			compatibilityVersion = "Xcode 14.0";
			developmentRegion = en;
			hasScannedForEncodings = 0;
			knownRegions = (
				en,
				Base,
			);
			mainGroup = C335A3492AF38B4400344977;
			productRefGroup = C335A3532AF38B4400344977 /* Products */;
			projectDirPath = "";
			projectRoot = "";
			targets = (
				C335A3512AF38B4400344977 /* DemoPlayer */,
				C335A3632AF38B4500344977 /* DemoPlayerTests */,
				C335A36D2AF38B4500344977 /* DemoPlayerUITests */,
			);
		};
/* End PBXProject section */

/* Begin PBXResourcesBuildPhase section */
		C335A3502AF38B4400344977 /* Resources */ = {
			isa = PBXResourcesBuildPhase;
			buildActionMask = 2147483647;
			files = (
				C335A35F2AF38B4500344977 /* Preview Assets.xcassets in Resources */,
				C335A35C2AF38B4500344977 /* Assets.xcassets in Resources */,
			);
			runOnlyForDeploymentPostprocessing = 0;
		};
		C335A3622AF38B4500344977 /* Resources */ = {
			isa = PBXResourcesBuildPhase;
			buildActionMask = 2147483647;
			files = (
			);
			runOnlyForDeploymentPostprocessing = 0;
		};
		C335A36C2AF38B4500344977 /* Resources */ = {
			isa = PBXResourcesBuildPhase;
			buildActionMask = 2147483647;
			files = (
			);
			runOnlyForDeploymentPostprocessing = 0;
		};
/* End PBXResourcesBuildPhase section */

/* Begin PBXSourcesBuildPhase section */
		C335A34E2AF38B4400344977 /* Sources */ = {
			isa = PBXSourcesBuildPhase;
			buildActionMask = 2147483647;
			files = (
				C335A3582AF38B4400344977 /* ContentView.swift in Sources */,
				C335A3882AF3A1AE00344977 /* ThumbnailImageLoader.swift in Sources */,
				C335A3862AF39E5000344977 /* URLImage.swift in Sources */,
				C335A3822AF38BE900344977 /* WebService.swift in Sources */,
				C335A3842AF38D0C00344977 /* VideoListModel.swift in Sources */,
				C335A3562AF38B4400344977 /* DemoPlayerApp.swift in Sources */,
			);
			runOnlyForDeploymentPostprocessing = 0;
		};
		C335A3602AF38B4500344977 /* Sources */ = {
			isa = PBXSourcesBuildPhase;
			buildActionMask = 2147483647;
			files = (
				C335A3692AF38B4500344977 /* DemoPlayerTests.swift in Sources */,
			);
			runOnlyForDeploymentPostprocessing = 0;
		};
		C335A36A2AF38B4500344977 /* Sources */ = {
			isa = PBXSourcesBuildPhase;
			buildActionMask = 2147483647;
			files = (
				C335A3752AF38B4500344977 /* DemoPlayerUITestsLaunchTests.swift in Sources */,
				C335A3732AF38B4500344977 /* DemoPlayerUITests.swift in Sources */,
			);
			runOnlyForDeploymentPostprocessing = 0;
		};
/* End PBXSourcesBuildPhase section */

/* Begin PBXTargetDependency section */
		C335A3662AF38B4500344977 /* PBXTargetDependency */ = {
			isa = PBXTargetDependency;
			target = C335A3512AF38B4400344977 /* DemoPlayer */;
			targetProxy = C335A3652AF38B4500344977 /* PBXContainerItemProxy */;
		};
		C335A3702AF38B4500344977 /* PBXTargetDependency */ = {
			isa = PBXTargetDependency;
			target = C335A3512AF38B4400344977 /* DemoPlayer */;
			targetProxy = C335A36F2AF38B4500344977 /* PBXContainerItemProxy */;
		};
/* End PBXTargetDependency section */

/* Begin XCBuildConfiguration section */
		C335A3762AF38B4500344977 /* Debug */ = {
			isa = XCBuildConfiguration;
			buildSettings = {
				ALWAYS_SEARCH_USER_PATHS = NO;
				ASSETCATALOG_COMPILER_GENERATE_SWIFT_ASSET_SYMBOL_EXTENSIONS = YES;
				CLANG_ANALYZER_NONNULL = YES;
				CLANG_ANALYZER_NUMBER_OBJECT_CONVERSION = YES_AGGRESSIVE;
				CLANG_CXX_LANGUAGE_STANDARD = "gnu++20";
				CLANG_ENABLE_MODULES = YES;
				CLANG_ENABLE_OBJC_ARC = YES;
				CLANG_ENABLE_OBJC_WEAK = YES;
				CLANG_WARN_BLOCK_CAPTURE_AUTORELEASING = YES;
				CLANG_WARN_BOOL_CONVERSION = YES;
				CLANG_WARN_COMMA = YES;
				CLANG_WARN_CONSTANT_CONVERSION = YES;
				CLANG_WARN_DEPRECATED_OBJC_IMPLEMENTATIONS = YES;
				CLANG_WARN_DIRECT_OBJC_ISA_USAGE = YES_ERROR;
				CLANG_WARN_DOCUMENTATION_COMMENTS = YES;
				CLANG_WARN_EMPTY_BODY = YES;
				CLANG_WARN_ENUM_CONVERSION = YES;
				CLANG_WARN_INFINITE_RECURSION = YES;
				CLANG_WARN_INT_CONVERSION = YES;
				CLANG_WARN_NON_LITERAL_NULL_CONVERSION = YES;
				CLANG_WARN_OBJC_IMPLICIT_RETAIN_SELF = YES;
				CLANG_WARN_OBJC_LITERAL_CONVERSION = YES;
				CLANG_WARN_OBJC_ROOT_CLASS = YES_ERROR;
				CLANG_WARN_QUOTED_INCLUDE_IN_FRAMEWORK_HEADER = YES;
				CLANG_WARN_RANGE_LOOP_ANALYSIS = YES;
				CLANG_WARN_STRICT_PROTOTYPES = YES;
				CLANG_WARN_SUSPICIOUS_MOVE = YES;
				CLANG_WARN_UNGUARDED_AVAILABILITY = YES_AGGRESSIVE;
				CLANG_WARN_UNREACHABLE_CODE = YES;
				CLANG_WARN__DUPLICATE_METHOD_MATCH = YES;
				COPY_PHASE_STRIP = NO;
				DEBUG_INFORMATION_FORMAT = dwarf;
				ENABLE_STRICT_OBJC_MSGSEND = YES;
				ENABLE_TESTABILITY = YES;
				ENABLE_USER_SCRIPT_SANDBOXING = YES;
				GCC_C_LANGUAGE_STANDARD = gnu17;
				GCC_DYNAMIC_NO_PIC = NO;
				GCC_NO_COMMON_BLOCKS = YES;
				GCC_OPTIMIZATION_LEVEL = 0;
				GCC_PREPROCESSOR_DEFINITIONS = (
					"DEBUG=1",
					"$(inherited)",
				);
				GCC_WARN_64_TO_32_BIT_CONVERSION = YES;
				GCC_WARN_ABOUT_RETURN_TYPE = YES_ERROR;
				GCC_WARN_UNDECLARED_SELECTOR = YES;
				GCC_WARN_UNINITIALIZED_AUTOS = YES_AGGRESSIVE;
				GCC_WARN_UNUSED_FUNCTION = YES;
				GCC_WARN_UNUSED_VARIABLE = YES;
				IPHONEOS_DEPLOYMENT_TARGET = 17.0;
				LOCALIZATION_PREFERS_STRING_CATALOGS = YES;
				MTL_ENABLE_DEBUG_INFO = INCLUDE_SOURCE;
				MTL_FAST_MATH = YES;
				ONLY_ACTIVE_ARCH = YES;
				SDKROOT = iphoneos;
				SWIFT_ACTIVE_COMPILATION_CONDITIONS = "DEBUG $(inherited)";
				SWIFT_OPTIMIZATION_LEVEL = "-Onone";
			};
			name = Debug;
		};
		C335A3772AF38B4500344977 /* Release */ = {
			isa = XCBuildConfiguration;
			buildSettings = {
				ALWAYS_SEARCH_USER_PATHS = NO;
				ASSETCATALOG_COMPILER_GENERATE_SWIFT_ASSET_SYMBOL_EXTENSIONS = YES;
				CLANG_ANALYZER_NONNULL = YES;
				CLANG_ANALYZER_NUMBER_OBJECT_CONVERSION = YES_AGGRESSIVE;
				CLANG_CXX_LANGUAGE_STANDARD = "gnu++20";
				CLANG_ENABLE_MODULES = YES;
				CLANG_ENABLE_OBJC_ARC = YES;
				CLANG_ENABLE_OBJC_WEAK = YES;
				CLANG_WARN_BLOCK_CAPTURE_AUTORELEASING = YES;
				CLANG_WARN_BOOL_CONVERSION = YES;
				CLANG_WARN_COMMA = YES;
				CLANG_WARN_CONSTANT_CONVERSION = YES;
				CLANG_WARN_DEPRECATED_OBJC_IMPLEMENTATIONS = YES;
				CLANG_WARN_DIRECT_OBJC_ISA_USAGE = YES_ERROR;
				CLANG_WARN_DOCUMENTATION_COMMENTS = YES;
				CLANG_WARN_EMPTY_BODY = YES;
				CLANG_WARN_ENUM_CONVERSION = YES;
				CLANG_WARN_INFINITE_RECURSION = YES;
				CLANG_WARN_INT_CONVERSION = YES;
				CLANG_WARN_NON_LITERAL_NULL_CONVERSION = YES;
				CLANG_WARN_OBJC_IMPLICIT_RETAIN_SELF = YES;
				CLANG_WARN_OBJC_LITERAL_CONVERSION = YES;
				CLANG_WARN_OBJC_ROOT_CLASS = YES_ERROR;
				CLANG_WARN_QUOTED_INCLUDE_IN_FRAMEWORK_HEADER = YES;
				CLANG_WARN_RANGE_LOOP_ANALYSIS = YES;
				CLANG_WARN_STRICT_PROTOTYPES = YES;
				CLANG_WARN_SUSPICIOUS_MOVE = YES;
				CLANG_WARN_UNGUARDED_AVAILABILITY = YES_AGGRESSIVE;
				CLANG_WARN_UNREACHABLE_CODE = YES;
				CLANG_WARN__DUPLICATE_METHOD_MATCH = YES;
				COPY_PHASE_STRIP = NO;
				DEBUG_INFORMATION_FORMAT = "dwarf-with-dsym";
				ENABLE_NS_ASSERTIONS = NO;
				ENABLE_STRICT_OBJC_MSGSEND = YES;
				ENABLE_USER_SCRIPT_SANDBOXING = YES;
				GCC_C_LANGUAGE_STANDARD = gnu17;
				GCC_NO_COMMON_BLOCKS = YES;
				GCC_WARN_64_TO_32_BIT_CONVERSION = YES;
				GCC_WARN_ABOUT_RETURN_TYPE = YES_ERROR;
				GCC_WARN_UNDECLARED_SELECTOR = YES;
				GCC_WARN_UNINITIALIZED_AUTOS = YES_AGGRESSIVE;
				GCC_WARN_UNUSED_FUNCTION = YES;
				GCC_WARN_UNUSED_VARIABLE = YES;
				IPHONEOS_DEPLOYMENT_TARGET = 17.0;
				LOCALIZATION_PREFERS_STRING_CATALOGS = YES;
				MTL_ENABLE_DEBUG_INFO = NO;
				MTL_FAST_MATH = YES;
				SDKROOT = iphoneos;
				SWIFT_COMPILATION_MODE = wholemodule;
				VALIDATE_PRODUCT = YES;
			};
			name = Release;
		};
		C335A3792AF38B4500344977 /* Debug */ = {
			isa = XCBuildConfiguration;
			buildSettings = {
				ASSETCATALOG_COMPILER_APPICON_NAME = AppIcon;
				ASSETCATALOG_COMPILER_GLOBAL_ACCENT_COLOR_NAME = AccentColor;
				CODE_SIGN_STYLE = Automatic;
				CURRENT_PROJECT_VERSION = 1;
				DEVELOPMENT_ASSET_PATHS = "\"DemoPlayer/Preview Content\"";
				DEVELOPMENT_TEAM = 387C98D8JJ;
				ENABLE_PREVIEWS = YES;
				GENERATE_INFOPLIST_FILE = YES;
				INFOPLIST_KEY_UIApplicationSceneManifest_Generation = YES;
				INFOPLIST_KEY_UIApplicationSupportsIndirectInputEvents = YES;
				INFOPLIST_KEY_UILaunchScreen_Generation = YES;
				INFOPLIST_KEY_UISupportedInterfaceOrientations_iPad = "UIInterfaceOrientationPortrait UIInterfaceOrientationPortraitUpsideDown UIInterfaceOrientationLandscapeLeft UIInterfaceOrientationLandscapeRight";
				INFOPLIST_KEY_UISupportedInterfaceOrientations_iPhone = "UIInterfaceOrientationPortrait UIInterfaceOrientationLandscapeLeft UIInterfaceOrientationLandscapeRight";
				LD_RUNPATH_SEARCH_PATHS = (
					"$(inherited)",
					"@executable_path/Frameworks",
				);
				MARKETING_VERSION = 1.0;
				PRODUCT_BUNDLE_IDENTIFIER = com.topol.DemoPlayer;
				PRODUCT_NAME = "$(TARGET_NAME)";
				SWIFT_EMIT_LOC_STRINGS = YES;
				SWIFT_VERSION = 5.0;
				TARGETED_DEVICE_FAMILY = "1,2";
			};
			name = Debug;
		};
		C335A37A2AF38B4500344977 /* Release */ = {
			isa = XCBuildConfiguration;
			buildSettings = {
				ASSETCATALOG_COMPILER_APPICON_NAME = AppIcon;
				ASSETCATALOG_COMPILER_GLOBAL_ACCENT_COLOR_NAME = AccentColor;
				CODE_SIGN_STYLE = Automatic;
				CURRENT_PROJECT_VERSION = 1;
				DEVELOPMENT_ASSET_PATHS = "\"DemoPlayer/Preview Content\"";
				DEVELOPMENT_TEAM = 387C98D8JJ;
				ENABLE_PREVIEWS = YES;
				GENERATE_INFOPLIST_FILE = YES;
				INFOPLIST_KEY_UIApplicationSceneManifest_Generation = YES;
				INFOPLIST_KEY_UIApplicationSupportsIndirectInputEvents = YES;
				INFOPLIST_KEY_UILaunchScreen_Generation = YES;
				INFOPLIST_KEY_UISupportedInterfaceOrientations_iPad = "UIInterfaceOrientationPortrait UIInterfaceOrientationPortraitUpsideDown UIInterfaceOrientationLandscapeLeft UIInterfaceOrientationLandscapeRight";
				INFOPLIST_KEY_UISupportedInterfaceOrientations_iPhone = "UIInterfaceOrientationPortrait UIInterfaceOrientationLandscapeLeft UIInterfaceOrientationLandscapeRight";
				LD_RUNPATH_SEARCH_PATHS = (
					"$(inherited)",
					"@executable_path/Frameworks",
				);
				MARKETING_VERSION = 1.0;
				PRODUCT_BUNDLE_IDENTIFIER = com.topol.DemoPlayer;
				PRODUCT_NAME = "$(TARGET_NAME)";
				SWIFT_EMIT_LOC_STRINGS = YES;
				SWIFT_VERSION = 5.0;
				TARGETED_DEVICE_FAMILY = "1,2";
			};
			name = Release;
		};
		C335A37C2AF38B4500344977 /* Debug */ = {
			isa = XCBuildConfiguration;
			buildSettings = {
				ALWAYS_EMBED_SWIFT_STANDARD_LIBRARIES = YES;
				BUNDLE_LOADER = "$(TEST_HOST)";
				CODE_SIGN_STYLE = Automatic;
				CURRENT_PROJECT_VERSION = 1;
				DEVELOPMENT_TEAM = 387C98D8JJ;
				GENERATE_INFOPLIST_FILE = YES;
				IPHONEOS_DEPLOYMENT_TARGET = 17.0;
				MARKETING_VERSION = 1.0;
				PRODUCT_BUNDLE_IDENTIFIER = com.topol.DemoPlayerTests;
				PRODUCT_NAME = "$(TARGET_NAME)";
				SWIFT_EMIT_LOC_STRINGS = NO;
				SWIFT_VERSION = 5.0;
				TARGETED_DEVICE_FAMILY = "1,2";
				TEST_HOST = "$(BUILT_PRODUCTS_DIR)/DemoPlayer.app/$(BUNDLE_EXECUTABLE_FOLDER_PATH)/DemoPlayer";
			};
			name = Debug;
		};
		C335A37D2AF38B4500344977 /* Release */ = {
			isa = XCBuildConfiguration;
			buildSettings = {
				ALWAYS_EMBED_SWIFT_STANDARD_LIBRARIES = YES;
				BUNDLE_LOADER = "$(TEST_HOST)";
				CODE_SIGN_STYLE = Automatic;
				CURRENT_PROJECT_VERSION = 1;
				DEVELOPMENT_TEAM = 387C98D8JJ;
				GENERATE_INFOPLIST_FILE = YES;
				IPHONEOS_DEPLOYMENT_TARGET = 17.0;
				MARKETING_VERSION = 1.0;
				PRODUCT_BUNDLE_IDENTIFIER = com.topol.DemoPlayerTests;
				PRODUCT_NAME = "$(TARGET_NAME)";
				SWIFT_EMIT_LOC_STRINGS = NO;
				SWIFT_VERSION = 5.0;
				TARGETED_DEVICE_FAMILY = "1,2";
				TEST_HOST = "$(BUILT_PRODUCTS_DIR)/DemoPlayer.app/$(BUNDLE_EXECUTABLE_FOLDER_PATH)/DemoPlayer";
			};
			name = Release;
		};
		C335A37F2AF38B4500344977 /* Debug */ = {
			isa = XCBuildConfiguration;
			buildSettings = {
				ALWAYS_EMBED_SWIFT_STANDARD_LIBRARIES = YES;
				CODE_SIGN_STYLE = Automatic;
				CURRENT_PROJECT_VERSION = 1;
				DEVELOPMENT_TEAM = 387C98D8JJ;
				GENERATE_INFOPLIST_FILE = YES;
				MARKETING_VERSION = 1.0;
				PRODUCT_BUNDLE_IDENTIFIER = com.topol.DemoPlayerUITests;
				PRODUCT_NAME = "$(TARGET_NAME)";
				SWIFT_EMIT_LOC_STRINGS = NO;
				SWIFT_VERSION = 5.0;
				TARGETED_DEVICE_FAMILY = "1,2";
				TEST_TARGET_NAME = DemoPlayer;
			};
			name = Debug;
		};
		C335A3802AF38B4500344977 /* Release */ = {
			isa = XCBuildConfiguration;
			buildSettings = {
				ALWAYS_EMBED_SWIFT_STANDARD_LIBRARIES = YES;
				CODE_SIGN_STYLE = Automatic;
				CURRENT_PROJECT_VERSION = 1;
				DEVELOPMENT_TEAM = 387C98D8JJ;
				GENERATE_INFOPLIST_FILE = YES;
				MARKETING_VERSION = 1.0;
				PRODUCT_BUNDLE_IDENTIFIER = com.topol.DemoPlayerUITests;
				PRODUCT_NAME = "$(TARGET_NAME)";
				SWIFT_EMIT_LOC_STRINGS = NO;
				SWIFT_VERSION = 5.0;
				TARGETED_DEVICE_FAMILY = "1,2";
				TEST_TARGET_NAME = DemoPlayer;
			};
			name = Release;
		};
/* End XCBuildConfiguration section */

/* Begin XCConfigurationList section */
		C335A34D2AF38B4400344977 /* Build configuration list for PBXProject "DemoPlayer" */ = {
			isa = XCConfigurationList;
			buildConfigurations = (
				C335A3762AF38B4500344977 /* Debug */,
				C335A3772AF38B4500344977 /* Release */,
			);
			defaultConfigurationIsVisible = 0;
			defaultConfigurationName = Release;
		};
		C335A3782AF38B4500344977 /* Build configuration list for PBXNativeTarget "DemoPlayer" */ = {
			isa = XCConfigurationList;
			buildConfigurations = (
				C335A3792AF38B4500344977 /* Debug */,
				C335A37A2AF38B4500344977 /* Release */,
			);
			defaultConfigurationIsVisible = 0;
			defaultConfigurationName = Release;
		};
		C335A37B2AF38B4500344977 /* Build configuration list for PBXNativeTarget "DemoPlayerTests" */ = {
			isa = XCConfigurationList;
			buildConfigurations = (
				C335A37C2AF38B4500344977 /* Debug */,
				C335A37D2AF38B4500344977 /* Release */,
			);
			defaultConfigurationIsVisible = 0;
			defaultConfigurationName = Release;
		};
		C335A37E2AF38B4500344977 /* Build configuration list for PBXNativeTarget "DemoPlayerUITests" */ = {
			isa = XCConfigurationList;
			buildConfigurations = (
				C335A37F2AF38B4500344977 /* Debug */,
				C335A3802AF38B4500344977 /* Release */,
			);
			defaultConfigurationIsVisible = 0;
			defaultConfigurationName = Release;
		};
/* End XCConfigurationList section */
	};
	rootObject = C335A34A2AF38B4400344977 /* Project object */;
}
